
Microsoft Visual Studio Solution File, Format Version 12.00
# Visual Studio Version 16
VisualStudioVersion = 16.0.31005.135
MinimumVisualStudioVersion = 10.0.40219.1
Project("{FAE04EC0-301F-11D3-BF4B-00C04F79EFBC}") = "Projeto-SistemaWeb", "Projeto-SistemaWeb\Projeto-SistemaWeb.csproj", "{5BB13FED-C6F5-4AB3-95C8-907325D6B8F7}"
EndProject
Global
	GlobalSection(SolutionConfigurationPlatforms) = preSolution
		Debug|Any CPU = Debug|Any CPU
		Release|Any CPU = Release|Any CPU
	EndGlobalSection
	GlobalSection(ProjectConfigurationPlatforms) = postSolution
		{5BB13FED-C6F5-4AB3-95C8-907325D6B8F7}.Debug|Any CPU.ActiveCfg = Debug|Any CPU
		{5BB13FED-C6F5-4AB3-95C8-907325D6B8F7}.Debug|Any CPU.Build.0 = Debug|Any CPU
		{5BB13FED-C6F5-4AB3-95C8-907325D6B8F7}.Release|Any CPU.ActiveCfg = Release|Any CPU
		{5BB13FED-C6F5-4AB3-95C8-907325D6B8F7}.Release|Any CPU.Build.0 = Release|Any CPU
	EndGlobalSection
	GlobalSection(SolutionProperties) = preSolution
		HideSolutionNode = FALSE
	EndGlobalSection
	GlobalSection(ExtensibilityGlobals) = postSolution
		SolutionGuid = {11A83164-9CE8-41A5-9AC9-500EDA7368AF}
	EndGlobalSection
EndGlobal
